
Microsoft Visual Studio Solution File, Format Version 12.00
# Visual Studio Version 16
VisualStudioVersion = 16.0.31112.23
MinimumVisualStudioVersion = 10.0.40219.1
Project("{FAE04EC0-301F-11D3-BF4B-00C04F79EFBC}") = "xHelp.Entity", "xHelp.Entity\xHelp.Entity.csproj", "{74AB8A53-7A99-4A42-83BD-6FBA2E6BE344}"
EndProject
Project("{FAE04EC0-301F-11D3-BF4B-00C04F79EFBC}") = "xHelp.DataAccess", "xHelp.DataAccess\xHelp.DataAccess.csproj", "{8BC72453-54A7-422B-B962-B408B446A191}"
EndProject
Project("{FAE04EC0-301F-11D3-BF4B-00C04F79EFBC}") = "xHelp.Business", "xHelp.Business\xHelp.Business.csproj", "{80340F07-E4FD-45AE-995B-559CC78B2DBA}"
EndProject
Project("{FAE04EC0-301F-11D3-BF4B-00C04F79EFBC}") = "xHelp.API", "xHelp.API\xHelp.API.csproj", "{1412C7EB-68B6-4F51-86CB-C72E2216E1AD}"
EndProject
Project("{FAE04EC0-301F-11D3-BF4B-00C04F79EFBC}") = "xHelp.Core", "xHelp.Core\xHelp.Core.csproj", "{E306BF9D-37EA-4CD8-BAA8-FDF8B36978D6}"
EndProject
Global
	GlobalSection(SolutionConfigurationPlatforms) = preSolution
		Debug|Any CPU = Debug|Any CPU
		Release|Any CPU = Release|Any CPU
	EndGlobalSection
	GlobalSection(ProjectConfigurationPlatforms) = postSolution
		{74AB8A53-7A99-4A42-83BD-6FBA2E6BE344}.Debug|Any CPU.ActiveCfg = Debug|Any CPU
		{74AB8A53-7A99-4A42-83BD-6FBA2E6BE344}.Debug|Any CPU.Build.0 = Debug|Any CPU
		{74AB8A53-7A99-4A42-83BD-6FBA2E6BE344}.Release|Any CPU.ActiveCfg = Release|Any CPU
		{74AB8A53-7A99-4A42-83BD-6FBA2E6BE344}.Release|Any CPU.Build.0 = Release|Any CPU
		{8BC72453-54A7-422B-B962-B408B446A191}.Debug|Any CPU.ActiveCfg = Debug|Any CPU
		{8BC72453-54A7-422B-B962-B408B446A191}.Debug|Any CPU.Build.0 = Debug|Any CPU
		{8BC72453-54A7-422B-B962-B408B446A191}.Release|Any CPU.ActiveCfg = Release|Any CPU
		{8BC72453-54A7-422B-B962-B408B446A191}.Release|Any CPU.Build.0 = Release|Any CPU
		{80340F07-E4FD-45AE-995B-559CC78B2DBA}.Debug|Any CPU.ActiveCfg = Debug|Any CPU
		{80340F07-E4FD-45AE-995B-559CC78B2DBA}.Debug|Any CPU.Build.0 = Debug|Any CPU
		{80340F07-E4FD-45AE-995B-559CC78B2DBA}.Release|Any CPU.ActiveCfg = Release|Any CPU
		{80340F07-E4FD-45AE-995B-559CC78B2DBA}.Release|Any CPU.Build.0 = Release|Any CPU
		{1412C7EB-68B6-4F51-86CB-C72E2216E1AD}.Debug|Any CPU.ActiveCfg = Debug|Any CPU
		{1412C7EB-68B6-4F51-86CB-C72E2216E1AD}.Debug|Any CPU.Build.0 = Debug|Any CPU
		{1412C7EB-68B6-4F51-86CB-C72E2216E1AD}.Release|Any CPU.ActiveCfg = Release|Any CPU
		{1412C7EB-68B6-4F51-86CB-C72E2216E1AD}.Release|Any CPU.Build.0 = Release|Any CPU
		{E306BF9D-37EA-4CD8-BAA8-FDF8B36978D6}.Debug|Any CPU.ActiveCfg = Debug|Any CPU
		{E306BF9D-37EA-4CD8-BAA8-FDF8B36978D6}.Debug|Any CPU.Build.0 = Debug|Any CPU
		{E306BF9D-37EA-4CD8-BAA8-FDF8B36978D6}.Release|Any CPU.ActiveCfg = Release|Any CPU
		{E306BF9D-37EA-4CD8-BAA8-FDF8B36978D6}.Release|Any CPU.Build.0 = Release|Any CPU
	EndGlobalSection
	GlobalSection(SolutionProperties) = preSolution
		HideSolutionNode = FALSE
	EndGlobalSection
	GlobalSection(ExtensibilityGlobals) = postSolution
		SolutionGuid = {0C4147BA-B197-4746-B4CE-7D186F64E55D}
	EndGlobalSection
EndGlobal
